
Microsoft Visual Studio Solution File, Format Version 12.00
# Visual Studio 15
VisualStudioVersion = 15.0.28307.438
MinimumVisualStudioVersion = 10.0.40219.1
Project("{FAE04EC0-301F-11D3-BF4B-00C04F79EFBC}") = "ANTComputerComponentWorksThisTimeMaybe", "ANTComputerComponentWorksThisTimeMaybe\ANTComputerComponentWorksThisTimeMaybe.csproj", "{0E5FC299-74BE-4062-9151-CACA79F83F98}"
EndProject
Global
	GlobalSection(SolutionConfigurationPlatforms) = preSolution
		Debug|Any CPU = Debug|Any CPU
		Release|Any CPU = Release|Any CPU
	EndGlobalSection
	GlobalSection(ProjectConfigurationPlatforms) = postSolution
		{0E5FC299-74BE-4062-9151-CACA79F83F98}.Debug|Any CPU.ActiveCfg = Debug|Any CPU
		{0E5FC299-74BE-4062-9151-CACA79F83F98}.Debug|Any CPU.Build.0 = Debug|Any CPU
		{0E5FC299-74BE-4062-9151-CACA79F83F98}.Release|Any CPU.ActiveCfg = Release|Any CPU
		{0E5FC299-74BE-4062-9151-CACA79F83F98}.Release|Any CPU.Build.0 = Release|Any CPU
	EndGlobalSection
	GlobalSection(SolutionProperties) = preSolution
		HideSolutionNode = FALSE
	EndGlobalSection
	GlobalSection(ExtensibilityGlobals) = postSolution
		SolutionGuid = {64C62DF0-602C-4737-B3A2-A40106B417D5}
	EndGlobalSection
EndGlobal
